
Microsoft Visual Studio Solution File, Format Version 11.00
# Visual Studio 2010
Project("{FAE04EC0-301F-11D3-BF4B-00C04F79EFBC}") = "VuforiaScripts", "VuforiaScripts.csproj", "{26957B4B-3464-4076-7B2A-00C1F591197C}"
EndProject
Project("{FAE04EC0-301F-11D3-BF4B-00C04F79EFBC}") = "Assembly-CSharp", "Assembly-CSharp.csproj", "{FBA5D19A-7468-8303-8B61-4AF80C6129DD}"
EndProject
Project("{FAE04EC0-301F-11D3-BF4B-00C04F79EFBC}") = "VuforiaEditorScripts", "VuforiaEditorScripts.csproj", "{2271C613-6051-A220-2D94-01B9657021DC}"
EndProject
Global
	GlobalSection(SolutionConfigurationPlatforms) = preSolution
		Debug|Any CPU = Debug|Any CPU
		Release|Any CPU = Release|Any CPU
	EndGlobalSection
	GlobalSection(ProjectConfigurationPlatforms) = postSolution
		{26957B4B-3464-4076-7B2A-00C1F591197C}.Debug|Any CPU.ActiveCfg = Debug|Any CPU
		{26957B4B-3464-4076-7B2A-00C1F591197C}.Debug|Any CPU.Build.0 = Debug|Any CPU
		{26957B4B-3464-4076-7B2A-00C1F591197C}.Release|Any CPU.ActiveCfg = Release|Any CPU
		{26957B4B-3464-4076-7B2A-00C1F591197C}.Release|Any CPU.Build.0 = Release|Any CPU
		{FBA5D19A-7468-8303-8B61-4AF80C6129DD}.Debug|Any CPU.ActiveCfg = Debug|Any CPU
		{FBA5D19A-7468-8303-8B61-4AF80C6129DD}.Debug|Any CPU.Build.0 = Debug|Any CPU
		{FBA5D19A-7468-8303-8B61-4AF80C6129DD}.Release|Any CPU.ActiveCfg = Release|Any CPU
		{FBA5D19A-7468-8303-8B61-4AF80C6129DD}.Release|Any CPU.Build.0 = Release|Any CPU
		{2271C613-6051-A220-2D94-01B9657021DC}.Debug|Any CPU.ActiveCfg = Debug|Any CPU
		{2271C613-6051-A220-2D94-01B9657021DC}.Debug|Any CPU.Build.0 = Debug|Any CPU
		{2271C613-6051-A220-2D94-01B9657021DC}.Release|Any CPU.ActiveCfg = Release|Any CPU
		{2271C613-6051-A220-2D94-01B9657021DC}.Release|Any CPU.Build.0 = Release|Any CPU
	EndGlobalSection
	GlobalSection(SolutionProperties) = preSolution
		HideSolutionNode = FALSE
	EndGlobalSection
	GlobalSection(MonoDevelopProperties) = preSolution
		StartupItem = Assembly-CSharp.csproj
	EndGlobalSection
EndGlobal
